
Microsoft Visual Studio Solution File, Format Version 12.00
# Visual Studio Version 16
VisualStudioVersion = 16.0.30523.141
MinimumVisualStudioVersion = 10.0.40219.1
Project("{9A19103F-16F7-4668-BE54-9A1E7A4F7556}") = "CityMail", "CityMail.csproj", "{B6D98A5E-14BA-4FEA-8023-16C91895DDBA}"
EndProject
Global
	GlobalSection(SolutionConfigurationPlatforms) = preSolution
		Debug|Any CPU = Debug|Any CPU
		Release|Any CPU = Release|Any CPU
	EndGlobalSection
	GlobalSection(ProjectConfigurationPlatforms) = postSolution
		{B6D98A5E-14BA-4FEA-8023-16C91895DDBA}.Debug|Any CPU.ActiveCfg = Debug|Any CPU
		{B6D98A5E-14BA-4FEA-8023-16C91895DDBA}.Debug|Any CPU.Build.0 = Debug|Any CPU
		{B6D98A5E-14BA-4FEA-8023-16C91895DDBA}.Release|Any CPU.ActiveCfg = Release|Any CPU
		{B6D98A5E-14BA-4FEA-8023-16C91895DDBA}.Release|Any CPU.Build.0 = Release|Any CPU
	EndGlobalSection
	GlobalSection(SolutionProperties) = preSolution
		HideSolutionNode = FALSE
	EndGlobalSection
	GlobalSection(ExtensibilityGlobals) = postSolution
		SolutionGuid = {8022DC76-E6F4-43FD-A104-05C75B1A51BA}
	EndGlobalSection
EndGlobal
